
Microsoft Visual Studio Solution File, Format Version 12.00
Project("{FAE04EC0-301F-11D3-BF4B-00C04F79EFBC}") = "ConsoleApp1", "ConsoleApp1\ConsoleApp1.csproj", "{8D7680E7-FEC9-472C-B885-5544A8171E13}"
EndProject
Project("{FAE04EC0-301F-11D3-BF4B-00C04F79EFBC}") = "Encapsulation", "Encapsulation\Encapsulation.csproj", "{3031F17F-229D-41E3-86FC-A57F7D1CB4C3}"
EndProject
Project("{FAE04EC0-301F-11D3-BF4B-00C04F79EFBC}") = "AutoProperties", "AutoProperties\AutoProperties.csproj", "{C3AF54C4-BD17-4509-B5B5-90B2484C1840}"
EndProject
Project("{FAE04EC0-301F-11D3-BF4B-00C04F79EFBC}") = "ReadOnlyProperties", "ReadOnlyProperties\ReadOnlyProperties.csproj", "{FED2DD94-2DF5-49B5-ACE3-B1C5E8F1A766}"
EndProject
Project("{FAE04EC0-301F-11D3-BF4B-00C04F79EFBC}") = "BankAccount", "BankAccount\BankAccount.csproj", "{DEEE81BD-41D6-4A57-9E31-748FDB0BEA66}"
EndProject
Project("{FAE04EC0-301F-11D3-BF4B-00C04F79EFBC}") = "Thiskeyword", "Thiskeyword\Thiskeyword.csproj", "{9EA1AB73-FDD4-4B32-A3DA-D7420219E224}"
EndProject
Project("{FAE04EC0-301F-11D3-BF4B-00C04F79EFBC}") = "TestBankAccount", "TestBankAccount\TestBankAccount.csproj", "{7C13F9EB-33C4-4433-BF53-349110CCCA7D}"
EndProject
Project("{FAE04EC0-301F-11D3-BF4B-00C04F79EFBC}") = "StaticCounter", "StaticCounter\StaticCounter.csproj", "{AECC3229-E829-480A-82B4-4D0F0BB940B6}"
EndProject
Project("{FAE04EC0-301F-11D3-BF4B-00C04F79EFBC}") = "Player", "Player\Player.csproj", "{ED7CF520-319D-4F0A-B177-B85D9AADC559}"
EndProject
Project("{FAE04EC0-301F-11D3-BF4B-00C04F79EFBC}") = "MathUtilities", "MathUtilities\MathUtilities.csproj", "{07DE0542-A062-4516-A609-DAC24ECE181E}"
EndProject
Project("{FAE04EC0-301F-11D3-BF4B-00C04F79EFBC}") = "Animal", "Animal\Animal.csproj", "{63E04F5D-8377-4C1E-88BA-262C0F50B09E}"
EndProject
Project("{FAE04EC0-301F-11D3-BF4B-00C04F79EFBC}") = "BaseMethod", "BaseMethod\BaseMethod.csproj", "{AC249CD7-7B47-4B8F-94F9-AAA0814DA31E}"
EndProject
Project("{FAE04EC0-301F-11D3-BF4B-00C04F79EFBC}") = "AbstractClass", "AbstractClass\AbstractClass.csproj", "{21D60483-ECCF-45B1-A9B7-70585A16E753}"
EndProject
Project("{FAE04EC0-301F-11D3-BF4B-00C04F79EFBC}") = "InterfaceExample", "InterfaceExample\InterfaceExample.csproj", "{2A106097-9C42-4092-9C6B-63CA9706E8C3}"
EndProject
Project("{FAE04EC0-301F-11D3-BF4B-00C04F79EFBC}") = "IMovable.cs", "IMovable.cs\IMovable.cs.csproj", "{B051CB99-60A6-4BDA-9C76-FE334E560C45}"
EndProject
Project("{FAE04EC0-301F-11D3-BF4B-00C04F79EFBC}") = "MultipleInterface", "MultipleInterface\MultipleInterface.csproj", "{792B9F86-F434-43D6-AFF4-2FB1D86C0DFB}"
EndProject
Global
	GlobalSection(SolutionConfigurationPlatforms) = preSolution
		Debug|Any CPU = Debug|Any CPU
		Release|Any CPU = Release|Any CPU
	EndGlobalSection
	GlobalSection(ProjectConfigurationPlatforms) = postSolution
		{8D7680E7-FEC9-472C-B885-5544A8171E13}.Debug|Any CPU.ActiveCfg = Debug|Any CPU
		{8D7680E7-FEC9-472C-B885-5544A8171E13}.Debug|Any CPU.Build.0 = Debug|Any CPU
		{8D7680E7-FEC9-472C-B885-5544A8171E13}.Release|Any CPU.ActiveCfg = Release|Any CPU
		{8D7680E7-FEC9-472C-B885-5544A8171E13}.Release|Any CPU.Build.0 = Release|Any CPU
		{3031F17F-229D-41E3-86FC-A57F7D1CB4C3}.Debug|Any CPU.ActiveCfg = Debug|Any CPU
		{3031F17F-229D-41E3-86FC-A57F7D1CB4C3}.Debug|Any CPU.Build.0 = Debug|Any CPU
		{3031F17F-229D-41E3-86FC-A57F7D1CB4C3}.Release|Any CPU.ActiveCfg = Release|Any CPU
		{3031F17F-229D-41E3-86FC-A57F7D1CB4C3}.Release|Any CPU.Build.0 = Release|Any CPU
		{C3AF54C4-BD17-4509-B5B5-90B2484C1840}.Debug|Any CPU.ActiveCfg = Debug|Any CPU
		{C3AF54C4-BD17-4509-B5B5-90B2484C1840}.Debug|Any CPU.Build.0 = Debug|Any CPU
		{C3AF54C4-BD17-4509-B5B5-90B2484C1840}.Release|Any CPU.ActiveCfg = Release|Any CPU
		{C3AF54C4-BD17-4509-B5B5-90B2484C1840}.Release|Any CPU.Build.0 = Release|Any CPU
		{FED2DD94-2DF5-49B5-ACE3-B1C5E8F1A766}.Debug|Any CPU.ActiveCfg = Debug|Any CPU
		{FED2DD94-2DF5-49B5-ACE3-B1C5E8F1A766}.Debug|Any CPU.Build.0 = Debug|Any CPU
		{FED2DD94-2DF5-49B5-ACE3-B1C5E8F1A766}.Release|Any CPU.ActiveCfg = Release|Any CPU
		{FED2DD94-2DF5-49B5-ACE3-B1C5E8F1A766}.Release|Any CPU.Build.0 = Release|Any CPU
		{DEEE81BD-41D6-4A57-9E31-748FDB0BEA66}.Debug|Any CPU.ActiveCfg = Debug|Any CPU
		{DEEE81BD-41D6-4A57-9E31-748FDB0BEA66}.Debug|Any CPU.Build.0 = Debug|Any CPU
		{DEEE81BD-41D6-4A57-9E31-748FDB0BEA66}.Release|Any CPU.ActiveCfg = Release|Any CPU
		{DEEE81BD-41D6-4A57-9E31-748FDB0BEA66}.Release|Any CPU.Build.0 = Release|Any CPU
		{9EA1AB73-FDD4-4B32-A3DA-D7420219E224}.Debug|Any CPU.ActiveCfg = Debug|Any CPU
		{9EA1AB73-FDD4-4B32-A3DA-D7420219E224}.Debug|Any CPU.Build.0 = Debug|Any CPU
		{9EA1AB73-FDD4-4B32-A3DA-D7420219E224}.Release|Any CPU.ActiveCfg = Release|Any CPU
		{9EA1AB73-FDD4-4B32-A3DA-D7420219E224}.Release|Any CPU.Build.0 = Release|Any CPU
		{7C13F9EB-33C4-4433-BF53-349110CCCA7D}.Debug|Any CPU.ActiveCfg = Debug|Any CPU
		{7C13F9EB-33C4-4433-BF53-349110CCCA7D}.Debug|Any CPU.Build.0 = Debug|Any CPU
		{7C13F9EB-33C4-4433-BF53-349110CCCA7D}.Release|Any CPU.ActiveCfg = Release|Any CPU
		{7C13F9EB-33C4-4433-BF53-349110CCCA7D}.Release|Any CPU.Build.0 = Release|Any CPU
		{AECC3229-E829-480A-82B4-4D0F0BB940B6}.Debug|Any CPU.ActiveCfg = Debug|Any CPU
		{AECC3229-E829-480A-82B4-4D0F0BB940B6}.Debug|Any CPU.Build.0 = Debug|Any CPU
		{AECC3229-E829-480A-82B4-4D0F0BB940B6}.Release|Any CPU.ActiveCfg = Release|Any CPU
		{AECC3229-E829-480A-82B4-4D0F0BB940B6}.Release|Any CPU.Build.0 = Release|Any CPU
		{ED7CF520-319D-4F0A-B177-B85D9AADC559}.Debug|Any CPU.ActiveCfg = Debug|Any CPU
		{ED7CF520-319D-4F0A-B177-B85D9AADC559}.Debug|Any CPU.Build.0 = Debug|Any CPU
		{ED7CF520-319D-4F0A-B177-B85D9AADC559}.Release|Any CPU.ActiveCfg = Release|Any CPU
		{ED7CF520-319D-4F0A-B177-B85D9AADC559}.Release|Any CPU.Build.0 = Release|Any CPU
		{07DE0542-A062-4516-A609-DAC24ECE181E}.Debug|Any CPU.ActiveCfg = Debug|Any CPU
		{07DE0542-A062-4516-A609-DAC24ECE181E}.Debug|Any CPU.Build.0 = Debug|Any CPU
		{07DE0542-A062-4516-A609-DAC24ECE181E}.Release|Any CPU.ActiveCfg = Release|Any CPU
		{07DE0542-A062-4516-A609-DAC24ECE181E}.Release|Any CPU.Build.0 = Release|Any CPU
		{63E04F5D-8377-4C1E-88BA-262C0F50B09E}.Debug|Any CPU.ActiveCfg = Debug|Any CPU
		{63E04F5D-8377-4C1E-88BA-262C0F50B09E}.Debug|Any CPU.Build.0 = Debug|Any CPU
		{63E04F5D-8377-4C1E-88BA-262C0F50B09E}.Release|Any CPU.ActiveCfg = Release|Any CPU
		{63E04F5D-8377-4C1E-88BA-262C0F50B09E}.Release|Any CPU.Build.0 = Release|Any CPU
		{AC249CD7-7B47-4B8F-94F9-AAA0814DA31E}.Debug|Any CPU.ActiveCfg = Debug|Any CPU
		{AC249CD7-7B47-4B8F-94F9-AAA0814DA31E}.Debug|Any CPU.Build.0 = Debug|Any CPU
		{AC249CD7-7B47-4B8F-94F9-AAA0814DA31E}.Release|Any CPU.ActiveCfg = Release|Any CPU
		{AC249CD7-7B47-4B8F-94F9-AAA0814DA31E}.Release|Any CPU.Build.0 = Release|Any CPU
		{21D60483-ECCF-45B1-A9B7-70585A16E753}.Debug|Any CPU.ActiveCfg = Debug|Any CPU
		{21D60483-ECCF-45B1-A9B7-70585A16E753}.Debug|Any CPU.Build.0 = Debug|Any CPU
		{21D60483-ECCF-45B1-A9B7-70585A16E753}.Release|Any CPU.ActiveCfg = Release|Any CPU
		{21D60483-ECCF-45B1-A9B7-70585A16E753}.Release|Any CPU.Build.0 = Release|Any CPU
		{2A106097-9C42-4092-9C6B-63CA9706E8C3}.Debug|Any CPU.ActiveCfg = Debug|Any CPU
		{2A106097-9C42-4092-9C6B-63CA9706E8C3}.Debug|Any CPU.Build.0 = Debug|Any CPU
		{2A106097-9C42-4092-9C6B-63CA9706E8C3}.Release|Any CPU.ActiveCfg = Release|Any CPU
		{2A106097-9C42-4092-9C6B-63CA9706E8C3}.Release|Any CPU.Build.0 = Release|Any CPU
		{B051CB99-60A6-4BDA-9C76-FE334E560C45}.Debug|Any CPU.ActiveCfg = Debug|Any CPU
		{B051CB99-60A6-4BDA-9C76-FE334E560C45}.Debug|Any CPU.Build.0 = Debug|Any CPU
		{B051CB99-60A6-4BDA-9C76-FE334E560C45}.Release|Any CPU.ActiveCfg = Release|Any CPU
		{B051CB99-60A6-4BDA-9C76-FE334E560C45}.Release|Any CPU.Build.0 = Release|Any CPU
		{792B9F86-F434-43D6-AFF4-2FB1D86C0DFB}.Debug|Any CPU.ActiveCfg = Debug|Any CPU
		{792B9F86-F434-43D6-AFF4-2FB1D86C0DFB}.Debug|Any CPU.Build.0 = Debug|Any CPU
		{792B9F86-F434-43D6-AFF4-2FB1D86C0DFB}.Release|Any CPU.ActiveCfg = Release|Any CPU
		{792B9F86-F434-43D6-AFF4-2FB1D86C0DFB}.Release|Any CPU.Build.0 = Release|Any CPU
	EndGlobalSection
EndGlobal
